// !$*UTF8*$!
{
	archiveVersion = 1;
	classes = {
	};
	objectVersion = 46;
	objects = {

/* Begin PBXBuildFile section */
		4F1805EA21BC37CA007B50C3 /* Calculation.swift in Sources */ = {isa = PBXBuildFile; fileRef = 4F1805E921BC37CA007B50C3 /* Calculation.swift */; };
		4F7958B421BF106E00C7AC85 /* CalculationTestCase.swift in Sources */ = {isa = PBXBuildFile; fileRef = 4F7958B321BF106E00C7AC85 /* CalculationTestCase.swift */; };
		4F8E5C5321C4532D0077646F /* CountOnMeUITests.swift in Sources */ = {isa = PBXBuildFile; fileRef = 4F8E5C5221C4532D0077646F /* CountOnMeUITests.swift */; };
		C926DADD1D7581BB00477020 /* AppDelegate.swift in Sources */ = {isa = PBXBuildFile; fileRef = C926DADC1D7581BB00477020 /* AppDelegate.swift */; };
		C926DADF1D7581BB00477020 /* ViewController.swift in Sources */ = {isa = PBXBuildFile; fileRef = C926DADE1D7581BB00477020 /* ViewController.swift */; };
		C926DAE21D7581BB00477020 /* Main.storyboard in Resources */ = {isa = PBXBuildFile; fileRef = C926DAE01D7581BB00477020 /* Main.storyboard */; };
		C926DAE41D7581BB00477020 /* Assets.xcassets in Resources */ = {isa = PBXBuildFile; fileRef = C926DAE31D7581BB00477020 /* Assets.xcassets */; };
		C926DAE71D7581BB00477020 /* LaunchScreen.storyboard in Resources */ = {isa = PBXBuildFile; fileRef = C926DAE51D7581BB00477020 /* LaunchScreen.storyboard */; };
/* End PBXBuildFile section */

/* Begin PBXContainerItemProxy section */
		4F7958AE21BF102400C7AC85 /* PBXContainerItemProxy */ = {
			isa = PBXContainerItemProxy;
			containerPortal = C926DAD11D7581BB00477020 /* Project object */;
			proxyType = 1;
			remoteGlobalIDString = C926DAD81D7581BB00477020;
			remoteInfo = CountOnMe;
		};
		4F8E5C5521C4532D0077646F /* PBXContainerItemProxy */ = {
			isa = PBXContainerItemProxy;
			containerPortal = C926DAD11D7581BB00477020 /* Project object */;
			proxyType = 1;
			remoteGlobalIDString = C926DAD81D7581BB00477020;
			remoteInfo = CountOnMe;
		};
/* End PBXContainerItemProxy section */

/* Begin PBXFileReference section */
		4F1805E921BC37CA007B50C3 /* Calculation.swift */ = {isa = PBXFileReference; lastKnownFileType = sourcecode.swift; path = Calculation.swift; sourceTree = "<group>"; };
		4F7958A921BF102400C7AC85 /* CountOnMeTests.xctest */ = {isa = PBXFileReference; explicitFileType = wrapper.cfbundle; includeInIndex = 0; path = CountOnMeTests.xctest; sourceTree = BUILT_PRODUCTS_DIR; };
		4F7958AD21BF102400C7AC85 /* Info.plist */ = {isa = PBXFileReference; lastKnownFileType = text.plist.xml; path = Info.plist; sourceTree = "<group>"; };
		4F7958B321BF106E00C7AC85 /* CalculationTestCase.swift */ = {isa = PBXFileReference; lastKnownFileType = sourcecode.swift; path = CalculationTestCase.swift; sourceTree = "<group>"; };
		4F8E5C5021C4532C0077646F /* CountOnMeUITests.xctest */ = {isa = PBXFileReference; explicitFileType = wrapper.cfbundle; includeInIndex = 0; path = CountOnMeUITests.xctest; sourceTree = BUILT_PRODUCTS_DIR; };
		4F8E5C5221C4532D0077646F /* CountOnMeUITests.swift */ = {isa = PBXFileReference; lastKnownFileType = sourcecode.swift; path = CountOnMeUITests.swift; sourceTree = "<group>"; };
		4F8E5C5421C4532D0077646F /* Info.plist */ = {isa = PBXFileReference; lastKnownFileType = text.plist.xml; path = Info.plist; sourceTree = "<group>"; };
		C926DAD91D7581BB00477020 /* CountOnMe.app */ = {isa = PBXFileReference; explicitFileType = wrapper.application; includeInIndex = 0; path = CountOnMe.app; sourceTree = BUILT_PRODUCTS_DIR; };
		C926DADC1D7581BB00477020 /* AppDelegate.swift */ = {isa = PBXFileReference; lastKnownFileType = sourcecode.swift; path = AppDelegate.swift; sourceTree = "<group>"; };
		C926DADE1D7581BB00477020 /* ViewController.swift */ = {isa = PBXFileReference; lastKnownFileType = sourcecode.swift; path = ViewController.swift; sourceTree = "<group>"; };
		C926DAE11D7581BB00477020 /* Base */ = {isa = PBXFileReference; lastKnownFileType = file.storyboard; name = Base; path = Base.lproj/Main.storyboard; sourceTree = "<group>"; };
		C926DAE31D7581BB00477020 /* Assets.xcassets */ = {isa = PBXFileReference; lastKnownFileType = folder.assetcatalog; path = Assets.xcassets; sourceTree = "<group>"; };
		C926DAE61D7581BB00477020 /* Base */ = {isa = PBXFileReference; lastKnownFileType = file.storyboard; name = Base; path = Base.lproj/LaunchScreen.storyboard; sourceTree = "<group>"; };
		C926DAE81D7581BB00477020 /* Info.plist */ = {isa = PBXFileReference; lastKnownFileType = text.plist.xml; path = Info.plist; sourceTree = "<group>"; };
/* End PBXFileReference section */

/* Begin PBXFrameworksBuildPhase section */
		4F7958A621BF102400C7AC85 /* Frameworks */ = {
			isa = PBXFrameworksBuildPhase;
			buildActionMask = 2147483647;
			files = (
			);
			runOnlyForDeploymentPostprocessing = 0;
		};
		4F8E5C4D21C4532C0077646F /* Frameworks */ = {
			isa = PBXFrameworksBuildPhase;
			buildActionMask = 2147483647;
			files = (
			);
			runOnlyForDeploymentPostprocessing = 0;
		};
		C926DAD61D7581BB00477020 /* Frameworks */ = {
			isa = PBXFrameworksBuildPhase;
			buildActionMask = 2147483647;
			files = (
			);
			runOnlyForDeploymentPostprocessing = 0;
		};
/* End PBXFrameworksBuildPhase section */

/* Begin PBXGroup section */
		4F2EBB4721BB14E700975B36 /* Supporting Files */ = {
			isa = PBXGroup;
			children = (
				C926DADC1D7581BB00477020 /* AppDelegate.swift */,
				C926DAE81D7581BB00477020 /* Info.plist */,
				C926DAE31D7581BB00477020 /* Assets.xcassets */,
			);
			path = "Supporting Files";
			sourceTree = "<group>";
		};
		4F35A90421B82A22004FC5DC /* Controller */ = {
			isa = PBXGroup;
			children = (
				C926DADE1D7581BB00477020 /* ViewController.swift */,
			);
			path = Controller;
			sourceTree = "<group>";
		};
		4F35A90521B82A42004FC5DC /* View */ = {
			isa = PBXGroup;
			children = (
				C926DAE01D7581BB00477020 /* Main.storyboard */,
				C926DAE51D7581BB00477020 /* LaunchScreen.storyboard */,
			);
			path = View;
			sourceTree = "<group>";
		};
		4F35A90621B82A4D004FC5DC /* Model */ = {
			isa = PBXGroup;
			children = (
				4F1805E921BC37CA007B50C3 /* Calculation.swift */,
			);
			path = Model;
			sourceTree = "<group>";
		};
		4F7958AA21BF102400C7AC85 /* CountOnMeTests */ = {
			isa = PBXGroup;
			children = (
				4F7958B321BF106E00C7AC85 /* CalculationTestCase.swift */,
				4F7958AD21BF102400C7AC85 /* Info.plist */,
			);
			path = CountOnMeTests;
			sourceTree = "<group>";
		};
		4F8E5C5121C4532D0077646F /* CountOnMeUITests */ = {
			isa = PBXGroup;
			children = (
				4F8E5C5221C4532D0077646F /* CountOnMeUITests.swift */,
				4F8E5C5421C4532D0077646F /* Info.plist */,
			);
			path = CountOnMeUITests;
			sourceTree = "<group>";
		};
		C926DAD01D7581BB00477020 = {
			isa = PBXGroup;
			children = (
				C926DADB1D7581BB00477020 /* CountOnMe */,
				4F2EBB4721BB14E700975B36 /* Supporting Files */,
				4F7958AA21BF102400C7AC85 /* CountOnMeTests */,
				4F8E5C5121C4532D0077646F /* CountOnMeUITests */,
				C926DADA1D7581BB00477020 /* Products */,
			);
			sourceTree = "<group>";
		};
		C926DADA1D7581BB00477020 /* Products */ = {
			isa = PBXGroup;
			children = (
				C926DAD91D7581BB00477020 /* CountOnMe.app */,
				4F7958A921BF102400C7AC85 /* CountOnMeTests.xctest */,
				4F8E5C5021C4532C0077646F /* CountOnMeUITests.xctest */,
			);
			name = Products;
			sourceTree = "<group>";
		};
		C926DADB1D7581BB00477020 /* CountOnMe */ = {
			isa = PBXGroup;
			children = (
				4F35A90621B82A4D004FC5DC /* Model */,
				4F35A90521B82A42004FC5DC /* View */,
				4F35A90421B82A22004FC5DC /* Controller */,
			);
			name = CountOnMe;
			path = "Zozor+";
			sourceTree = "<group>";
		};
/* End PBXGroup section */

/* Begin PBXNativeTarget section */
		4F7958A821BF102400C7AC85 /* CountOnMeTests */ = {
			isa = PBXNativeTarget;
			buildConfigurationList = 4F7958B021BF102400C7AC85 /* Build configuration list for PBXNativeTarget "CountOnMeTests" */;
			buildPhases = (
				4F7958A521BF102400C7AC85 /* Sources */,
				4F7958A621BF102400C7AC85 /* Frameworks */,
				4F7958A721BF102400C7AC85 /* Resources */,
			);
			buildRules = (
			);
			dependencies = (
				4F7958AF21BF102400C7AC85 /* PBXTargetDependency */,
			);
			name = CountOnMeTests;
			productName = CountOnMeTests;
			productReference = 4F7958A921BF102400C7AC85 /* CountOnMeTests.xctest */;
			productType = "com.apple.product-type.bundle.unit-test";
		};
		4F8E5C4F21C4532C0077646F /* CountOnMeUITests */ = {
			isa = PBXNativeTarget;
			buildConfigurationList = 4F8E5C5721C4532D0077646F /* Build configuration list for PBXNativeTarget "CountOnMeUITests" */;
			buildPhases = (
				4F8E5C4C21C4532C0077646F /* Sources */,
				4F8E5C4D21C4532C0077646F /* Frameworks */,
				4F8E5C4E21C4532C0077646F /* Resources */,
			);
			buildRules = (
			);
			dependencies = (
				4F8E5C5621C4532D0077646F /* PBXTargetDependency */,
			);
			name = CountOnMeUITests;
			productName = CountOnMeUITests;
			productReference = 4F8E5C5021C4532C0077646F /* CountOnMeUITests.xctest */;
			productType = "com.apple.product-type.bundle.ui-testing";
		};
		C926DAD81D7581BB00477020 /* CountOnMe */ = {
			isa = PBXNativeTarget;
			buildConfigurationList = C926DB011D7581BB00477020 /* Build configuration list for PBXNativeTarget "CountOnMe" */;
			buildPhases = (
				C926DAD51D7581BB00477020 /* Sources */,
				C926DAD61D7581BB00477020 /* Frameworks */,
				C926DAD71D7581BB00477020 /* Resources */,
				4F1805EB21BE9705007B50C3 /* ShellScript */,
			);
			buildRules = (
			);
			dependencies = (
			);
			name = CountOnMe;
			productName = "Zozor+";
			productReference = C926DAD91D7581BB00477020 /* CountOnMe.app */;
			productType = "com.apple.product-type.application";
		};
/* End PBXNativeTarget section */

/* Begin PBXProject section */
		C926DAD11D7581BB00477020 /* Project object */ = {
			isa = PBXProject;
			attributes = {
				LastSwiftUpdateCheck = 1010;
				LastUpgradeCheck = 1010;
				ORGANIZATIONNAME = "Ambroise Collon";
				TargetAttributes = {
					4F7958A821BF102400C7AC85 = {
						CreatedOnToolsVersion = 10.1;
						DevelopmentTeam = A5M6QHPHN6;
						ProvisioningStyle = Automatic;
						TestTargetID = C926DAD81D7581BB00477020;
					};
					4F8E5C4F21C4532C0077646F = {
						CreatedOnToolsVersion = 10.1;
						DevelopmentTeam = A5M6QHPHN6;
						ProvisioningStyle = Automatic;
						TestTargetID = C926DAD81D7581BB00477020;
					};
					C926DAD81D7581BB00477020 = {
						CreatedOnToolsVersion = 7.3.1;
						DevelopmentTeam = A5M6QHPHN6;
						LastSwiftMigration = 1010;
					};
				};
			};
			buildConfigurationList = C926DAD41D7581BB00477020 /* Build configuration list for PBXProject "CountOnMe" */;
			compatibilityVersion = "Xcode 3.2";
			developmentRegion = English;
			hasScannedForEncodings = 0;
			knownRegions = (
				en,
				Base,
			);
			mainGroup = C926DAD01D7581BB00477020;
			productRefGroup = C926DADA1D7581BB00477020 /* Products */;
			projectDirPath = "";
			projectRoot = "";
			targets = (
				C926DAD81D7581BB00477020 /* CountOnMe */,
				4F7958A821BF102400C7AC85 /* CountOnMeTests */,
				4F8E5C4F21C4532C0077646F /* CountOnMeUITests */,
			);
		};
/* End PBXProject section */

/* Begin PBXResourcesBuildPhase section */
		4F7958A721BF102400C7AC85 /* Resources */ = {
			isa = PBXResourcesBuildPhase;
			buildActionMask = 2147483647;
			files = (
			);
			runOnlyForDeploymentPostprocessing = 0;
		};
		4F8E5C4E21C4532C0077646F /* Resources */ = {
			isa = PBXResourcesBuildPhase;
			buildActionMask = 2147483647;
			files = (
			);
			runOnlyForDeploymentPostprocessing = 0;
		};
		C926DAD71D7581BB00477020 /* Resources */ = {
			isa = PBXResourcesBuildPhase;
			buildActionMask = 2147483647;
			files = (
				C926DAE71D7581BB00477020 /* LaunchScreen.storyboard in Resources */,
				C926DAE41D7581BB00477020 /* Assets.xcassets in Resources */,
				C926DAE21D7581BB00477020 /* Main.storyboard in Resources */,
			);
			runOnlyForDeploymentPostprocessing = 0;
		};
/* End PBXResourcesBuildPhase section */

/* Begin PBXShellScriptBuildPhase section */
		4F1805EB21BE9705007B50C3 /* ShellScript */ = {
			isa = PBXShellScriptBuildPhase;
			buildActionMask = 2147483647;
			files = (
			);
			inputFileListPaths = (
			);
			inputPaths = (
			);
			outputFileListPaths = (
			);
			outputPaths = (
			);
			runOnlyForDeploymentPostprocessing = 0;
			shellPath = /bin/sh;
			shellScript = "if which swiftlint >/dev/null; then\nswiftlint\nelse\necho \"warning: SwiftLint not installed, download from https://github.com/realm/SwiftLint\"\nfi\n";
		};
/* End PBXShellScriptBuildPhase section */

/* Begin PBXSourcesBuildPhase section */
		4F7958A521BF102400C7AC85 /* Sources */ = {
			isa = PBXSourcesBuildPhase;
			buildActionMask = 2147483647;
			files = (
				4F7958B421BF106E00C7AC85 /* CalculationTestCase.swift in Sources */,
			);
			runOnlyForDeploymentPostprocessing = 0;
		};
		4F8E5C4C21C4532C0077646F /* Sources */ = {
			isa = PBXSourcesBuildPhase;
			buildActionMask = 2147483647;
			files = (
				4F8E5C5321C4532D0077646F /* CountOnMeUITests.swift in Sources */,
			);
			runOnlyForDeploymentPostprocessing = 0;
		};
		C926DAD51D7581BB00477020 /* Sources */ = {
			isa = PBXSourcesBuildPhase;
			buildActionMask = 2147483647;
			files = (
				C926DADF1D7581BB00477020 /* ViewController.swift in Sources */,
				4F1805EA21BC37CA007B50C3 /* Calculation.swift in Sources */,
				C926DADD1D7581BB00477020 /* AppDelegate.swift in Sources */,
			);
			runOnlyForDeploymentPostprocessing = 0;
		};
/* End PBXSourcesBuildPhase section */

/* Begin PBXTargetDependency section */
		4F7958AF21BF102400C7AC85 /* PBXTargetDependency */ = {
			isa = PBXTargetDependency;
			target = C926DAD81D7581BB00477020 /* CountOnMe */;
			targetProxy = 4F7958AE21BF102400C7AC85 /* PBXContainerItemProxy */;
		};
		4F8E5C5621C4532D0077646F /* PBXTargetDependency */ = {
			isa = PBXTargetDependency;
			target = C926DAD81D7581BB00477020 /* CountOnMe */;
			targetProxy = 4F8E5C5521C4532D0077646F /* PBXContainerItemProxy */;
		};
/* End PBXTargetDependency section */

/* Begin PBXVariantGroup section */
		C926DAE01D7581BB00477020 /* Main.storyboard */ = {
			isa = PBXVariantGroup;
			children = (
				C926DAE11D7581BB00477020 /* Base */,
			);
			name = Main.storyboard;
			sourceTree = "<group>";
		};
		C926DAE51D7581BB00477020 /* LaunchScreen.storyboard */ = {
			isa = PBXVariantGroup;
			children = (
				C926DAE61D7581BB00477020 /* Base */,
			);
			name = LaunchScreen.storyboard;
			sourceTree = "<group>";
		};
/* End PBXVariantGroup section */

/* Begin XCBuildConfiguration section */
		4F7958B121BF102400C7AC85 /* Debug */ = {
			isa = XCBuildConfiguration;
			buildSettings = {
				BUNDLE_LOADER = "$(TEST_HOST)";
				CLANG_ANALYZER_NUMBER_OBJECT_CONVERSION = YES_AGGRESSIVE;
				CLANG_CXX_LANGUAGE_STANDARD = "gnu++14";
				CLANG_ENABLE_OBJC_WEAK = YES;
				CLANG_WARN_DOCUMENTATION_COMMENTS = YES;
				CLANG_WARN_UNGUARDED_AVAILABILITY = YES_AGGRESSIVE;
				CODE_SIGN_IDENTITY = "iPhone Developer";
				CODE_SIGN_STYLE = Automatic;
				DEVELOPMENT_TEAM = A5M6QHPHN6;
				GCC_C_LANGUAGE_STANDARD = gnu11;
				INFOPLIST_FILE = CountOnMeTests/Info.plist;
				IPHONEOS_DEPLOYMENT_TARGET = 12.1;
				LD_RUNPATH_SEARCH_PATHS = "$(inherited) @executable_path/Frameworks @loader_path/Frameworks";
				MTL_ENABLE_DEBUG_INFO = INCLUDE_SOURCE;
				MTL_FAST_MATH = YES;
				PRODUCT_BUNDLE_IDENTIFIER = fr.daviddubez.CountOnMeTests;
				PRODUCT_NAME = "$(TARGET_NAME)";
				SWIFT_ACTIVE_COMPILATION_CONDITIONS = DEBUG;
				SWIFT_VERSION = 4.2;
				TARGETED_DEVICE_FAMILY = "1,2";
				TEST_HOST = "$(BUILT_PRODUCTS_DIR)/CountOnMe.app/CountOnMe";
			};
			name = Debug;
		};
		4F7958B221BF102400C7AC85 /* Release */ = {
			isa = XCBuildConfiguration;
			buildSettings = {
				BUNDLE_LOADER = "$(TEST_HOST)";
				CLANG_ANALYZER_NUMBER_OBJECT_CONVERSION = YES_AGGRESSIVE;
				CLANG_CXX_LANGUAGE_STANDARD = "gnu++14";
				CLANG_ENABLE_OBJC_WEAK = YES;
				CLANG_WARN_DOCUMENTATION_COMMENTS = YES;
				CLANG_WARN_UNGUARDED_AVAILABILITY = YES_AGGRESSIVE;
				CODE_SIGN_IDENTITY = "iPhone Developer";
				CODE_SIGN_STYLE = Automatic;
				DEVELOPMENT_TEAM = A5M6QHPHN6;
				GCC_C_LANGUAGE_STANDARD = gnu11;
				INFOPLIST_FILE = CountOnMeTests/Info.plist;
				IPHONEOS_DEPLOYMENT_TARGET = 12.1;
				LD_RUNPATH_SEARCH_PATHS = "$(inherited) @executable_path/Frameworks @loader_path/Frameworks";
				MTL_FAST_MATH = YES;
				PRODUCT_BUNDLE_IDENTIFIER = fr.daviddubez.CountOnMeTests;
				PRODUCT_NAME = "$(TARGET_NAME)";
				SWIFT_VERSION = 4.2;
				TARGETED_DEVICE_FAMILY = "1,2";
				TEST_HOST = "$(BUILT_PRODUCTS_DIR)/CountOnMe.app/CountOnMe";
			};
			name = Release;
		};
		4F8E5C5821C4532D0077646F /* Debug */ = {
			isa = XCBuildConfiguration;
			buildSettings = {
				CLANG_ANALYZER_NUMBER_OBJECT_CONVERSION = YES_AGGRESSIVE;
				CLANG_CXX_LANGUAGE_STANDARD = "gnu++14";
				CLANG_ENABLE_OBJC_WEAK = YES;
				CLANG_WARN_DOCUMENTATION_COMMENTS = YES;
				CLANG_WARN_UNGUARDED_AVAILABILITY = YES_AGGRESSIVE;
				CODE_SIGN_IDENTITY = "iPhone Developer";
				CODE_SIGN_STYLE = Automatic;
				DEVELOPMENT_TEAM = A5M6QHPHN6;
				GCC_C_LANGUAGE_STANDARD = gnu11;
				INFOPLIST_FILE = CountOnMeUITests/Info.plist;
				IPHONEOS_DEPLOYMENT_TARGET = 12.1;
				LD_RUNPATH_SEARCH_PATHS = "$(inherited) @executable_path/Frameworks @loader_path/Frameworks";
				MTL_ENABLE_DEBUG_INFO = INCLUDE_SOURCE;
				MTL_FAST_MATH = YES;
				PRODUCT_BUNDLE_IDENTIFIER = fr.daviddubez.CountOnMeUITests;
				PRODUCT_NAME = "$(TARGET_NAME)";
				SWIFT_ACTIVE_COMPILATION_CONDITIONS = DEBUG;
				SWIFT_VERSION = 4.2;
				TARGETED_DEVICE_FAMILY = "1,2";
				TEST_TARGET_NAME = CountOnMe;
			};
			name = Debug;
		};
		4F8E5C5921C4532D0077646F /* Release */ = {
			isa = XCBuildConfiguration;
			buildSettings = {
				CLANG_ANALYZER_NUMBER_OBJECT_CONVERSION = YES_AGGRESSIVE;
				CLANG_CXX_LANGUAGE_STANDARD = "gnu++14";
				CLANG_ENABLE_OBJC_WEAK = YES;
				CLANG_WARN_DOCUMENTATION_COMMENTS = YES;
				CLANG_WARN_UNGUARDED_AVAILABILITY = YES_AGGRESSIVE;
				CODE_SIGN_IDENTITY = "iPhone Developer";
				CODE_SIGN_STYLE = Automatic;
				DEVELOPMENT_TEAM = A5M6QHPHN6;
				GCC_C_LANGUAGE_STANDARD = gnu11;
				INFOPLIST_FILE = CountOnMeUITests/Info.plist;
				IPHONEOS_DEPLOYMENT_TARGET = 12.1;
				LD_RUNPATH_SEARCH_PATHS = "$(inherited) @executable_path/Frameworks @loader_path/Frameworks";
				MTL_FAST_MATH = YES;
				PRODUCT_BUNDLE_IDENTIFIER = fr.daviddubez.CountOnMeUITests;
				PRODUCT_NAME = "$(TARGET_NAME)";
				SWIFT_VERSION = 4.2;
				TARGETED_DEVICE_FAMILY = "1,2";
				TEST_TARGET_NAME = CountOnMe;
			};
			name = Release;
		};
		C926DAFF1D7581BB00477020 /* Debug */ = {
			isa = XCBuildConfiguration;
			buildSettings = {
				ALWAYS_SEARCH_USER_PATHS = NO;
				CLANG_ANALYZER_NONNULL = YES;
				CLANG_CXX_LANGUAGE_STANDARD = "gnu++0x";
				CLANG_CXX_LIBRARY = "libc++";
				CLANG_ENABLE_MODULES = YES;
				CLANG_ENABLE_OBJC_ARC = YES;
				CLANG_WARN_BLOCK_CAPTURE_AUTORELEASING = YES;
				CLANG_WARN_BOOL_CONVERSION = YES;
				CLANG_WARN_COMMA = YES;
				CLANG_WARN_CONSTANT_CONVERSION = YES;
				CLANG_WARN_DEPRECATED_OBJC_IMPLEMENTATIONS = YES;
				CLANG_WARN_DIRECT_OBJC_ISA_USAGE = YES_ERROR;
				CLANG_WARN_EMPTY_BODY = YES;
				CLANG_WARN_ENUM_CONVERSION = YES;
				CLANG_WARN_INFINITE_RECURSION = YES;
				CLANG_WARN_INT_CONVERSION = YES;
				CLANG_WARN_NON_LITERAL_NULL_CONVERSION = YES;
				CLANG_WARN_OBJC_IMPLICIT_RETAIN_SELF = YES;
				CLANG_WARN_OBJC_LITERAL_CONVERSION = YES;
				CLANG_WARN_OBJC_ROOT_CLASS = YES_ERROR;
				CLANG_WARN_RANGE_LOOP_ANALYSIS = YES;
				CLANG_WARN_STRICT_PROTOTYPES = YES;
				CLANG_WARN_SUSPICIOUS_MOVE = YES;
				CLANG_WARN_UNREACHABLE_CODE = YES;
				CLANG_WARN__DUPLICATE_METHOD_MATCH = YES;
				"CODE_SIGN_IDENTITY[sdk=iphoneos*]" = "iPhone Developer";
				COPY_PHASE_STRIP = NO;
				DEBUG_INFORMATION_FORMAT = dwarf;
				ENABLE_STRICT_OBJC_MSGSEND = YES;
				ENABLE_TESTABILITY = YES;
				GCC_C_LANGUAGE_STANDARD = gnu99;
				GCC_DYNAMIC_NO_PIC = NO;
				GCC_NO_COMMON_BLOCKS = YES;
				GCC_OPTIMIZATION_LEVEL = 0;
				GCC_PREPROCESSOR_DEFINITIONS = (
					"DEBUG=1",
					"$(inherited)",
				);
				GCC_WARN_64_TO_32_BIT_CONVERSION = YES;
				GCC_WARN_ABOUT_RETURN_TYPE = YES_ERROR;
				GCC_WARN_UNDECLARED_SELECTOR = YES;
				GCC_WARN_UNINITIALIZED_AUTOS = YES_AGGRESSIVE;
				GCC_WARN_UNUSED_FUNCTION = YES;
				GCC_WARN_UNUSED_VARIABLE = YES;
				IPHONEOS_DEPLOYMENT_TARGET = 11.0;
				MTL_ENABLE_DEBUG_INFO = YES;
				ONLY_ACTIVE_ARCH = YES;
				SDKROOT = iphoneos;
				SWIFT_OPTIMIZATION_LEVEL = "-Onone";
				TARGETED_DEVICE_FAMILY = "1,2";
			};
			name = Debug;
		};
		C926DB001D7581BB00477020 /* Release */ = {
			isa = XCBuildConfiguration;
			buildSettings = {
				ALWAYS_SEARCH_USER_PATHS = NO;
				CLANG_ANALYZER_NONNULL = YES;
				CLANG_CXX_LANGUAGE_STANDARD = "gnu++0x";
				CLANG_CXX_LIBRARY = "libc++";
				CLANG_ENABLE_MODULES = YES;
				CLANG_ENABLE_OBJC_ARC = YES;
				CLANG_WARN_BLOCK_CAPTURE_AUTORELEASING = YES;
				CLANG_WARN_BOOL_CONVERSION = YES;
				CLANG_WARN_COMMA = YES;
				CLANG_WARN_CONSTANT_CONVERSION = YES;
				CLANG_WARN_DEPRECATED_OBJC_IMPLEMENTATIONS = YES;
				CLANG_WARN_DIRECT_OBJC_ISA_USAGE = YES_ERROR;
				CLANG_WARN_EMPTY_BODY = YES;
				CLANG_WARN_ENUM_CONVERSION = YES;
				CLANG_WARN_INFINITE_RECURSION = YES;
				CLANG_WARN_INT_CONVERSION = YES;
				CLANG_WARN_NON_LITERAL_NULL_CONVERSION = YES;
				CLANG_WARN_OBJC_IMPLICIT_RETAIN_SELF = YES;
				CLANG_WARN_OBJC_LITERAL_CONVERSION = YES;
				CLANG_WARN_OBJC_ROOT_CLASS = YES_ERROR;
				CLANG_WARN_RANGE_LOOP_ANALYSIS = YES;
				CLANG_WARN_STRICT_PROTOTYPES = YES;
				CLANG_WARN_SUSPICIOUS_MOVE = YES;
				CLANG_WARN_UNREACHABLE_CODE = YES;
				CLANG_WARN__DUPLICATE_METHOD_MATCH = YES;
				"CODE_SIGN_IDENTITY[sdk=iphoneos*]" = "iPhone Developer";
				COPY_PHASE_STRIP = NO;
				DEBUG_INFORMATION_FORMAT = "dwarf-with-dsym";
				ENABLE_NS_ASSERTIONS = NO;
				ENABLE_STRICT_OBJC_MSGSEND = YES;
				GCC_C_LANGUAGE_STANDARD = gnu99;
				GCC_NO_COMMON_BLOCKS = YES;
				GCC_WARN_64_TO_32_BIT_CONVERSION = YES;
				GCC_WARN_ABOUT_RETURN_TYPE = YES_ERROR;
				GCC_WARN_UNDECLARED_SELECTOR = YES;
				GCC_WARN_UNINITIALIZED_AUTOS = YES_AGGRESSIVE;
				GCC_WARN_UNUSED_FUNCTION = YES;
				GCC_WARN_UNUSED_VARIABLE = YES;
				IPHONEOS_DEPLOYMENT_TARGET = 11.0;
				MTL_ENABLE_DEBUG_INFO = NO;
				SDKROOT = iphoneos;
				SWIFT_OPTIMIZATION_LEVEL = "-Owholemodule";
				TARGETED_DEVICE_FAMILY = "1,2";
				VALIDATE_PRODUCT = YES;
			};
			name = Release;
		};
		C926DB021D7581BB00477020 /* Debug */ = {
			isa = XCBuildConfiguration;
			buildSettings = {
				ASSETCATALOG_COMPILER_APPICON_NAME = AppIcon;
				DEVELOPMENT_TEAM = A5M6QHPHN6;
				INFOPLIST_FILE = "$(SRCROOT)/Supporting Files/Info.plist";
				LD_RUNPATH_SEARCH_PATHS = "$(inherited) @executable_path/Frameworks";
				PRODUCT_BUNDLE_IDENTIFIER = fr.daviddubez.CountOnMe;
				PRODUCT_NAME = "$(TARGET_NAME)";
				SWIFT_SWIFT3_OBJC_INFERENCE = Off;
				SWIFT_VERSION = 4.2;
				TARGETED_DEVICE_FAMILY = 1;
			};
			name = Debug;
		};
		C926DB031D7581BB00477020 /* Release */ = {
			isa = XCBuildConfiguration;
			buildSettings = {
				ASSETCATALOG_COMPILER_APPICON_NAME = AppIcon;
				DEVELOPMENT_TEAM = A5M6QHPHN6;
				INFOPLIST_FILE = "$(SRCROOT)/Supporting Files/Info.plist";
				LD_RUNPATH_SEARCH_PATHS = "$(inherited) @executable_path/Frameworks";
				PRODUCT_BUNDLE_IDENTIFIER = fr.daviddubez.CountOnMe;
				PRODUCT_NAME = "$(TARGET_NAME)";
				SWIFT_SWIFT3_OBJC_INFERENCE = Off;
				SWIFT_VERSION = 4.2;
				TARGETED_DEVICE_FAMILY = 1;
			};
			name = Release;
		};
/* End XCBuildConfiguration section */

/* Begin XCConfigurationList section */
		4F7958B021BF102400C7AC85 /* Build configuration list for PBXNativeTarget "CountOnMeTests" */ = {
			isa = XCConfigurationList;
			buildConfigurations = (
				4F7958B121BF102400C7AC85 /* Debug */,
				4F7958B221BF102400C7AC85 /* Release */,
			);
			defaultConfigurationIsVisible = 0;
			defaultConfigurationName = Release;
		};
		4F8E5C5721C4532D0077646F /* Build configuration list for PBXNativeTarget "CountOnMeUITests" */ = {
			isa = XCConfigurationList;
			buildConfigurations = (
				4F8E5C5821C4532D0077646F /* Debug */,
				4F8E5C5921C4532D0077646F /* Release */,
			);
			defaultConfigurationIsVisible = 0;
			defaultConfigurationName = Release;
		};
		C926DAD41D7581BB00477020 /* Build configuration list for PBXProject "CountOnMe" */ = {
			isa = XCConfigurationList;
			buildConfigurations = (
				C926DAFF1D7581BB00477020 /* Debug */,
				C926DB001D7581BB00477020 /* Release */,
			);
			defaultConfigurationIsVisible = 0;
			defaultConfigurationName = Release;
		};
		C926DB011D7581BB00477020 /* Build configuration list for PBXNativeTarget "CountOnMe" */ = {
			isa = XCConfigurationList;
			buildConfigurations = (
				C926DB021D7581BB00477020 /* Debug */,
				C926DB031D7581BB00477020 /* Release */,
			);
			defaultConfigurationIsVisible = 0;
			defaultConfigurationName = Release;
		};
/* End XCConfigurationList section */
	};
	rootObject = C926DAD11D7581BB00477020 /* Project object */;
}
